// !$*UTF8*$!
{
	archiveVersion = 1;
	classes = {
	};
	objectVersion = 56;
	objects = {

/* Begin PBXBuildFile section */
		962FB0FB29CBA50C00FF7CD0 /* SparringPalApp.swift in Sources */ = {isa = PBXBuildFile; fileRef = 962FB0FA29CBA50C00FF7CD0 /* SparringPalApp.swift */; };
		962FB0FD29CBA50C00FF7CD0 /* ContentView.swift in Sources */ = {isa = PBXBuildFile; fileRef = 962FB0FC29CBA50C00FF7CD0 /* ContentView.swift */; };
		962FB0FF29CBA50D00FF7CD0 /* Assets.xcassets in Resources */ = {isa = PBXBuildFile; fileRef = 962FB0FE29CBA50D00FF7CD0 /* Assets.xcassets */; };
		962FB10229CBA50D00FF7CD0 /* Preview Assets.xcassets in Resources */ = {isa = PBXBuildFile; fileRef = 962FB10129CBA50D00FF7CD0 /* Preview Assets.xcassets */; };
		962FB10B29CBB17400FF7CD0 /* LoginUIView.swift in Sources */ = {isa = PBXBuildFile; fileRef = 962FB10A29CBB17400FF7CD0 /* LoginUIView.swift */; };
		962FB10D29CBB3FC00FF7CD0 /* SignupUIView.swift in Sources */ = {isa = PBXBuildFile; fileRef = 962FB10C29CBB3FC00FF7CD0 /* SignupUIView.swift */; };
		962FB10F29CBC25D00FF7CD0 /* AddProfileUIView.swift in Sources */ = {isa = PBXBuildFile; fileRef = 962FB10E29CBC25D00FF7CD0 /* AddProfileUIView.swift */; };
		969910FC29E603D000A91B1B /* MainHomeUIView.swift in Sources */ = {isa = PBXBuildFile; fileRef = 969910FB29E603D000A91B1B /* MainHomeUIView.swift */; };
		969910FE29E6486300A91B1B /* ProfileUIView.swift in Sources */ = {isa = PBXBuildFile; fileRef = 969910FD29E6486300A91B1B /* ProfileUIView.swift */; };
		9699110029E6489100A91B1B /* MessagesUIView.swift in Sources */ = {isa = PBXBuildFile; fileRef = 969910FF29E6489100A91B1B /* MessagesUIView.swift */; };
		9699110229E6780500A91B1B /* GoogleService-Info.plist in Resources */ = {isa = PBXBuildFile; fileRef = 9699110129E6780500A91B1B /* GoogleService-Info.plist */; };
		9699110529E6791000A91B1B /* FirebaseFirestore in Frameworks */ = {isa = PBXBuildFile; productRef = 9699110429E6791000A91B1B /* FirebaseFirestore */; };
		9699110829E680B000A91B1B /* FirebaseStorage in Frameworks */ = {isa = PBXBuildFile; productRef = 9699110729E680B000A91B1B /* FirebaseStorage */; };
		9699110A29E72DB800A91B1B /* SafteyTipsUIView.swift in Sources */ = {isa = PBXBuildFile; fileRef = 9699110929E72DB800A91B1B /* SafteyTipsUIView.swift */; };
		969D595229F0886400A0F7B5 /* UserModel.swift in Sources */ = {isa = PBXBuildFile; fileRef = 969D595129F0886400A0F7B5 /* UserModel.swift */; };
		969D595429F34A5E00A0F7B5 /* AddProfileViewModel.swift in Sources */ = {isa = PBXBuildFile; fileRef = 969D595329F34A5E00A0F7B5 /* AddProfileViewModel.swift */; };
		969D595629F36E1100A0F7B5 /* SignupViewModel.swift in Sources */ = {isa = PBXBuildFile; fileRef = 969D595529F36E1100A0F7B5 /* SignupViewModel.swift */; };
		969D595829F3D77900A0F7B5 /* HomeViewModel.swift in Sources */ = {isa = PBXBuildFile; fileRef = 969D595729F3D77900A0F7B5 /* HomeViewModel.swift */; };
		969D595A29F4559C00A0F7B5 /* FirebaseFirestoreSwift in Frameworks */ = {isa = PBXBuildFile; productRef = 969D595929F4559C00A0F7B5 /* FirebaseFirestoreSwift */; };
		969D595C29F4790500A0F7B5 /* MapViewModel.swift in Sources */ = {isa = PBXBuildFile; fileRef = 969D595B29F4790500A0F7B5 /* MapViewModel.swift */; };
		969D595E29F480EC00A0F7B5 /* MapUIView.swift in Sources */ = {isa = PBXBuildFile; fileRef = 969D595D29F480EC00A0F7B5 /* MapUIView.swift */; };
		969D596029F4F2A300A0F7B5 /* FirebaseAuth in Frameworks */ = {isa = PBXBuildFile; productRef = 969D595F29F4F2A300A0F7B5 /* FirebaseAuth */; };
		969D596229F4F4F800A0F7B5 /* LoginViewModel.swift in Sources */ = {isa = PBXBuildFile; fileRef = 969D596129F4F4F800A0F7B5 /* LoginViewModel.swift */; };
		969D596429F507C700A0F7B5 /* NewsDetails.swift in Sources */ = {isa = PBXBuildFile; fileRef = 969D596329F507C700A0F7B5 /* NewsDetails.swift */; };
		969D596629F509C200A0F7B5 /* NewsViewModel.swift in Sources */ = {isa = PBXBuildFile; fileRef = 969D596529F509C200A0F7B5 /* NewsViewModel.swift */; };
/* End PBXBuildFile section */

/* Begin PBXFileReference section */
		962FB0F729CBA50C00FF7CD0 /* SparringPal.app */ = {isa = PBXFileReference; explicitFileType = wrapper.application; includeInIndex = 0; path = SparringPal.app; sourceTree = BUILT_PRODUCTS_DIR; };
		962FB0FA29CBA50C00FF7CD0 /* SparringPalApp.swift */ = {isa = PBXFileReference; lastKnownFileType = sourcecode.swift; path = SparringPalApp.swift; sourceTree = "<group>"; };
		962FB0FC29CBA50C00FF7CD0 /* ContentView.swift */ = {isa = PBXFileReference; lastKnownFileType = sourcecode.swift; path = ContentView.swift; sourceTree = "<group>"; };
		962FB0FE29CBA50D00FF7CD0 /* Assets.xcassets */ = {isa = PBXFileReference; lastKnownFileType = folder.assetcatalog; path = Assets.xcassets; sourceTree = "<group>"; };
		962FB10129CBA50D00FF7CD0 /* Preview Assets.xcassets */ = {isa = PBXFileReference; lastKnownFileType = folder.assetcatalog; path = "Preview Assets.xcassets"; sourceTree = "<group>"; };
		962FB10A29CBB17400FF7CD0 /* LoginUIView.swift */ = {isa = PBXFileReference; lastKnownFileType = sourcecode.swift; path = LoginUIView.swift; sourceTree = "<group>"; };
		962FB10C29CBB3FC00FF7CD0 /* SignupUIView.swift */ = {isa = PBXFileReference; lastKnownFileType = sourcecode.swift; path = SignupUIView.swift; sourceTree = "<group>"; };
		962FB10E29CBC25D00FF7CD0 /* AddProfileUIView.swift */ = {isa = PBXFileReference; lastKnownFileType = sourcecode.swift; path = AddProfileUIView.swift; sourceTree = "<group>"; };
		969910FB29E603D000A91B1B /* MainHomeUIView.swift */ = {isa = PBXFileReference; lastKnownFileType = sourcecode.swift; path = MainHomeUIView.swift; sourceTree = "<group>"; };
		969910FD29E6486300A91B1B /* ProfileUIView.swift */ = {isa = PBXFileReference; lastKnownFileType = sourcecode.swift; path = ProfileUIView.swift; sourceTree = "<group>"; };
		969910FF29E6489100A91B1B /* MessagesUIView.swift */ = {isa = PBXFileReference; lastKnownFileType = sourcecode.swift; path = MessagesUIView.swift; sourceTree = "<group>"; };
		9699110129E6780500A91B1B /* GoogleService-Info.plist */ = {isa = PBXFileReference; fileEncoding = 4; lastKnownFileType = text.plist.xml; path = "GoogleService-Info.plist"; sourceTree = "<group>"; };
		9699110929E72DB800A91B1B /* SafteyTipsUIView.swift */ = {isa = PBXFileReference; lastKnownFileType = sourcecode.swift; path = SafteyTipsUIView.swift; sourceTree = "<group>"; };
		969D595129F0886400A0F7B5 /* UserModel.swift */ = {isa = PBXFileReference; lastKnownFileType = sourcecode.swift; path = UserModel.swift; sourceTree = "<group>"; };
		969D595329F34A5E00A0F7B5 /* AddProfileViewModel.swift */ = {isa = PBXFileReference; lastKnownFileType = sourcecode.swift; path = AddProfileViewModel.swift; sourceTree = "<group>"; };
		969D595529F36E1100A0F7B5 /* SignupViewModel.swift */ = {isa = PBXFileReference; lastKnownFileType = sourcecode.swift; path = SignupViewModel.swift; sourceTree = "<group>"; };
		969D595729F3D77900A0F7B5 /* HomeViewModel.swift */ = {isa = PBXFileReference; lastKnownFileType = sourcecode.swift; path = HomeViewModel.swift; sourceTree = "<group>"; };
		969D595B29F4790500A0F7B5 /* MapViewModel.swift */ = {isa = PBXFileReference; lastKnownFileType = sourcecode.swift; path = MapViewModel.swift; sourceTree = "<group>"; };
		969D595D29F480EC00A0F7B5 /* MapUIView.swift */ = {isa = PBXFileReference; lastKnownFileType = sourcecode.swift; path = MapUIView.swift; sourceTree = "<group>"; };
		969D596129F4F4F800A0F7B5 /* LoginViewModel.swift */ = {isa = PBXFileReference; lastKnownFileType = sourcecode.swift; path = LoginViewModel.swift; sourceTree = "<group>"; };
		969D596329F507C700A0F7B5 /* NewsDetails.swift */ = {isa = PBXFileReference; lastKnownFileType = sourcecode.swift; path = NewsDetails.swift; sourceTree = "<group>"; };
		969D596529F509C200A0F7B5 /* NewsViewModel.swift */ = {isa = PBXFileReference; lastKnownFileType = sourcecode.swift; path = NewsViewModel.swift; sourceTree = "<group>"; };
/* End PBXFileReference section */

/* Begin PBXFrameworksBuildPhase section */
		962FB0F429CBA50C00FF7CD0 /* Frameworks */ = {
			isa = PBXFrameworksBuildPhase;
			buildActionMask = 2147483647;
			files = (
				9699110529E6791000A91B1B /* FirebaseFirestore in Frameworks */,
				9699110829E680B000A91B1B /* FirebaseStorage in Frameworks */,
				969D595A29F4559C00A0F7B5 /* FirebaseFirestoreSwift in Frameworks */,
				969D596029F4F2A300A0F7B5 /* FirebaseAuth in Frameworks */,
			);
			runOnlyForDeploymentPostprocessing = 0;
		};
/* End PBXFrameworksBuildPhase section */

/* Begin PBXGroup section */
		962FB0EE29CBA50C00FF7CD0 = {
			isa = PBXGroup;
			children = (
				962FB0F929CBA50C00FF7CD0 /* SparringPal */,
				962FB0F829CBA50C00FF7CD0 /* Products */,
				9699110629E680B000A91B1B /* Frameworks */,
			);
			sourceTree = "<group>";
		};
		962FB0F829CBA50C00FF7CD0 /* Products */ = {
			isa = PBXGroup;
			children = (
				962FB0F729CBA50C00FF7CD0 /* SparringPal.app */,
			);
			name = Products;
			sourceTree = "<group>";
		};
		962FB0F929CBA50C00FF7CD0 /* SparringPal */ = {
			isa = PBXGroup;
			children = (
				962FB0FA29CBA50C00FF7CD0 /* SparringPalApp.swift */,
				969D595129F0886400A0F7B5 /* UserModel.swift */,
				962FB0FC29CBA50C00FF7CD0 /* ContentView.swift */,
				962FB10A29CBB17400FF7CD0 /* LoginUIView.swift */,
				969D596129F4F4F800A0F7B5 /* LoginViewModel.swift */,
				969910FB29E603D000A91B1B /* MainHomeUIView.swift */,
				969D596329F507C700A0F7B5 /* NewsDetails.swift */,
				969D596529F509C200A0F7B5 /* NewsViewModel.swift */,
				969D595729F3D77900A0F7B5 /* HomeViewModel.swift */,
				969D595B29F4790500A0F7B5 /* MapViewModel.swift */,
				969D595D29F480EC00A0F7B5 /* MapUIView.swift */,
				9699110929E72DB800A91B1B /* SafteyTipsUIView.swift */,
				969910FD29E6486300A91B1B /* ProfileUIView.swift */,
				969910FF29E6489100A91B1B /* MessagesUIView.swift */,
				962FB10C29CBB3FC00FF7CD0 /* SignupUIView.swift */,
				969D595529F36E1100A0F7B5 /* SignupViewModel.swift */,
				962FB10E29CBC25D00FF7CD0 /* AddProfileUIView.swift */,
				969D595329F34A5E00A0F7B5 /* AddProfileViewModel.swift */,
				9699110129E6780500A91B1B /* GoogleService-Info.plist */,
				962FB0FE29CBA50D00FF7CD0 /* Assets.xcassets */,
				962FB10029CBA50D00FF7CD0 /* Preview Content */,
			);
			path = SparringPal;
			sourceTree = "<group>";
		};
		962FB10029CBA50D00FF7CD0 /* Preview Content */ = {
			isa = PBXGroup;
			children = (
				962FB10129CBA50D00FF7CD0 /* Preview Assets.xcassets */,
			);
			path = "Preview Content";
			sourceTree = "<group>";
		};
		9699110629E680B000A91B1B /* Frameworks */ = {
			isa = PBXGroup;
			children = (
			);
			name = Frameworks;
			sourceTree = "<group>";
		};
/* End PBXGroup section */

/* Begin PBXNativeTarget section */
		962FB0F629CBA50C00FF7CD0 /* SparringPal */ = {
			isa = PBXNativeTarget;
			buildConfigurationList = 962FB10529CBA50D00FF7CD0 /* Build configuration list for PBXNativeTarget "SparringPal" */;
			buildPhases = (
				962FB0F329CBA50C00FF7CD0 /* Sources */,
				962FB0F429CBA50C00FF7CD0 /* Frameworks */,
				962FB0F529CBA50C00FF7CD0 /* Resources */,
			);
			buildRules = (
			);
			dependencies = (
			);
			name = SparringPal;
			packageProductDependencies = (
				9699110429E6791000A91B1B /* FirebaseFirestore */,
				9699110729E680B000A91B1B /* FirebaseStorage */,
				969D595929F4559C00A0F7B5 /* FirebaseFirestoreSwift */,
				969D595F29F4F2A300A0F7B5 /* FirebaseAuth */,
			);
			productName = SparringPal;
			productReference = 962FB0F729CBA50C00FF7CD0 /* SparringPal.app */;
			productType = "com.apple.product-type.application";
		};
/* End PBXNativeTarget section */

/* Begin PBXProject section */
		962FB0EF29CBA50C00FF7CD0 /* Project object */ = {
			isa = PBXProject;
			attributes = {
				BuildIndependentTargetsInParallel = 1;
				LastSwiftUpdateCheck = 1420;
				LastUpgradeCheck = 1420;
				TargetAttributes = {
					962FB0F629CBA50C00FF7CD0 = {
						CreatedOnToolsVersion = 14.2;
					};
				};
			};
			buildConfigurationList = 962FB0F229CBA50C00FF7CD0 /* Build configuration list for PBXProject "SparringPal" */;
			compatibilityVersion = "Xcode 14.0";
			developmentRegion = en;
			hasScannedForEncodings = 0;
			knownRegions = (
				en,
				Base,
			);
			mainGroup = 962FB0EE29CBA50C00FF7CD0;
			packageReferences = (
				9699110329E6791000A91B1B /* XCRemoteSwiftPackageReference "firebase-ios-sdk" */,
			);
			productRefGroup = 962FB0F829CBA50C00FF7CD0 /* Products */;
			projectDirPath = "";
			projectRoot = "";
			targets = (
				962FB0F629CBA50C00FF7CD0 /* SparringPal */,
			);
		};
/* End PBXProject section */

/* Begin PBXResourcesBuildPhase section */
		962FB0F529CBA50C00FF7CD0 /* Resources */ = {
			isa = PBXResourcesBuildPhase;
			buildActionMask = 2147483647;
			files = (
				962FB10229CBA50D00FF7CD0 /* Preview Assets.xcassets in Resources */,
				962FB0FF29CBA50D00FF7CD0 /* Assets.xcassets in Resources */,
				9699110229E6780500A91B1B /* GoogleService-Info.plist in Resources */,
			);
			runOnlyForDeploymentPostprocessing = 0;
		};
/* End PBXResourcesBuildPhase section */

/* Begin PBXSourcesBuildPhase section */
		962FB0F329CBA50C00FF7CD0 /* Sources */ = {
			isa = PBXSourcesBuildPhase;
			buildActionMask = 2147483647;
			files = (
				9699110029E6489100A91B1B /* MessagesUIView.swift in Sources */,
				969D596629F509C200A0F7B5 /* NewsViewModel.swift in Sources */,
				969910FC29E603D000A91B1B /* MainHomeUIView.swift in Sources */,
				969D595E29F480EC00A0F7B5 /* MapUIView.swift in Sources */,
				962FB10D29CBB3FC00FF7CD0 /* SignupUIView.swift in Sources */,
				969D596229F4F4F800A0F7B5 /* LoginViewModel.swift in Sources */,
				962FB10B29CBB17400FF7CD0 /* LoginUIView.swift in Sources */,
				962FB0FD29CBA50C00FF7CD0 /* ContentView.swift in Sources */,
				9699110A29E72DB800A91B1B /* SafteyTipsUIView.swift in Sources */,
				969D595629F36E1100A0F7B5 /* SignupViewModel.swift in Sources */,
				969D596429F507C700A0F7B5 /* NewsDetails.swift in Sources */,
				969D595429F34A5E00A0F7B5 /* AddProfileViewModel.swift in Sources */,
				969D595829F3D77900A0F7B5 /* HomeViewModel.swift in Sources */,
				962FB10F29CBC25D00FF7CD0 /* AddProfileUIView.swift in Sources */,
				962FB0FB29CBA50C00FF7CD0 /* SparringPalApp.swift in Sources */,
				969D595C29F4790500A0F7B5 /* MapViewModel.swift in Sources */,
				969D595229F0886400A0F7B5 /* UserModel.swift in Sources */,
				969910FE29E6486300A91B1B /* ProfileUIView.swift in Sources */,
			);
			runOnlyForDeploymentPostprocessing = 0;
		};
/* End PBXSourcesBuildPhase section */

/* Begin XCBuildConfiguration section */
		962FB10329CBA50D00FF7CD0 /* Debug */ = {
			isa = XCBuildConfiguration;
			buildSettings = {
				ALWAYS_SEARCH_USER_PATHS = NO;
				CLANG_ANALYZER_NONNULL = YES;
				CLANG_ANALYZER_NUMBER_OBJECT_CONVERSION = YES_AGGRESSIVE;
				CLANG_CXX_LANGUAGE_STANDARD = "gnu++20";
				CLANG_ENABLE_MODULES = YES;
				CLANG_ENABLE_OBJC_ARC = YES;
				CLANG_ENABLE_OBJC_WEAK = YES;
				CLANG_WARN_BLOCK_CAPTURE_AUTORELEASING = YES;
				CLANG_WARN_BOOL_CONVERSION = YES;
				CLANG_WARN_COMMA = YES;
				CLANG_WARN_CONSTANT_CONVERSION = YES;
				CLANG_WARN_DEPRECATED_OBJC_IMPLEMENTATIONS = YES;
				CLANG_WARN_DIRECT_OBJC_ISA_USAGE = YES_ERROR;
				CLANG_WARN_DOCUMENTATION_COMMENTS = YES;
				CLANG_WARN_EMPTY_BODY = YES;
				CLANG_WARN_ENUM_CONVERSION = YES;
				CLANG_WARN_INFINITE_RECURSION = YES;
				CLANG_WARN_INT_CONVERSION = YES;
				CLANG_WARN_NON_LITERAL_NULL_CONVERSION = YES;
				CLANG_WARN_OBJC_IMPLICIT_RETAIN_SELF = YES;
				CLANG_WARN_OBJC_LITERAL_CONVERSION = YES;
				CLANG_WARN_OBJC_ROOT_CLASS = YES_ERROR;
				CLANG_WARN_QUOTED_INCLUDE_IN_FRAMEWORK_HEADER = YES;
				CLANG_WARN_RANGE_LOOP_ANALYSIS = YES;
				CLANG_WARN_STRICT_PROTOTYPES = YES;
				CLANG_WARN_SUSPICIOUS_MOVE = YES;
				CLANG_WARN_UNGUARDED_AVAILABILITY = YES_AGGRESSIVE;
				CLANG_WARN_UNREACHABLE_CODE = YES;
				CLANG_WARN__DUPLICATE_METHOD_MATCH = YES;
				COPY_PHASE_STRIP = NO;
				DEBUG_INFORMATION_FORMAT = dwarf;
				ENABLE_STRICT_OBJC_MSGSEND = YES;
				ENABLE_TESTABILITY = YES;
				GCC_C_LANGUAGE_STANDARD = gnu11;
				GCC_DYNAMIC_NO_PIC = NO;
				GCC_NO_COMMON_BLOCKS = YES;
				GCC_OPTIMIZATION_LEVEL = 0;
				GCC_PREPROCESSOR_DEFINITIONS = (
					"DEBUG=1",
					"$(inherited)",
				);
				GCC_WARN_64_TO_32_BIT_CONVERSION = YES;
				GCC_WARN_ABOUT_RETURN_TYPE = YES_ERROR;
				GCC_WARN_UNDECLARED_SELECTOR = YES;
				GCC_WARN_UNINITIALIZED_AUTOS = YES_AGGRESSIVE;
				GCC_WARN_UNUSED_FUNCTION = YES;
				GCC_WARN_UNUSED_VARIABLE = YES;
				IPHONEOS_DEPLOYMENT_TARGET = 16.2;
				MTL_ENABLE_DEBUG_INFO = INCLUDE_SOURCE;
				MTL_FAST_MATH = YES;
				ONLY_ACTIVE_ARCH = YES;
				SDKROOT = iphoneos;
				SWIFT_ACTIVE_COMPILATION_CONDITIONS = DEBUG;
				SWIFT_OPTIMIZATION_LEVEL = "-Onone";
			};
			name = Debug;
		};
		962FB10429CBA50D00FF7CD0 /* Release */ = {
			isa = XCBuildConfiguration;
			buildSettings = {
				ALWAYS_SEARCH_USER_PATHS = NO;
				CLANG_ANALYZER_NONNULL = YES;
				CLANG_ANALYZER_NUMBER_OBJECT_CONVERSION = YES_AGGRESSIVE;
				CLANG_CXX_LANGUAGE_STANDARD = "gnu++20";
				CLANG_ENABLE_MODULES = YES;
				CLANG_ENABLE_OBJC_ARC = YES;
				CLANG_ENABLE_OBJC_WEAK = YES;
				CLANG_WARN_BLOCK_CAPTURE_AUTORELEASING = YES;
				CLANG_WARN_BOOL_CONVERSION = YES;
				CLANG_WARN_COMMA = YES;
				CLANG_WARN_CONSTANT_CONVERSION = YES;
				CLANG_WARN_DEPRECATED_OBJC_IMPLEMENTATIONS = YES;
				CLANG_WARN_DIRECT_OBJC_ISA_USAGE = YES_ERROR;
				CLANG_WARN_DOCUMENTATION_COMMENTS = YES;
				CLANG_WARN_EMPTY_BODY = YES;
				CLANG_WARN_ENUM_CONVERSION = YES;
				CLANG_WARN_INFINITE_RECURSION = YES;
				CLANG_WARN_INT_CONVERSION = YES;
				CLANG_WARN_NON_LITERAL_NULL_CONVERSION = YES;
				CLANG_WARN_OBJC_IMPLICIT_RETAIN_SELF = YES;
				CLANG_WARN_OBJC_LITERAL_CONVERSION = YES;
				CLANG_WARN_OBJC_ROOT_CLASS = YES_ERROR;
				CLANG_WARN_QUOTED_INCLUDE_IN_FRAMEWORK_HEADER = YES;
				CLANG_WARN_RANGE_LOOP_ANALYSIS = YES;
				CLANG_WARN_STRICT_PROTOTYPES = YES;
				CLANG_WARN_SUSPICIOUS_MOVE = YES;
				CLANG_WARN_UNGUARDED_AVAILABILITY = YES_AGGRESSIVE;
				CLANG_WARN_UNREACHABLE_CODE = YES;
				CLANG_WARN__DUPLICATE_METHOD_MATCH = YES;
				COPY_PHASE_STRIP = NO;
				DEBUG_INFORMATION_FORMAT = "dwarf-with-dsym";
				ENABLE_NS_ASSERTIONS = NO;
				ENABLE_STRICT_OBJC_MSGSEND = YES;
				GCC_C_LANGUAGE_STANDARD = gnu11;
				GCC_NO_COMMON_BLOCKS = YES;
				GCC_WARN_64_TO_32_BIT_CONVERSION = YES;
				GCC_WARN_ABOUT_RETURN_TYPE = YES_ERROR;
				GCC_WARN_UNDECLARED_SELECTOR = YES;
				GCC_WARN_UNINITIALIZED_AUTOS = YES_AGGRESSIVE;
				GCC_WARN_UNUSED_FUNCTION = YES;
				GCC_WARN_UNUSED_VARIABLE = YES;
				IPHONEOS_DEPLOYMENT_TARGET = 16.2;
				MTL_ENABLE_DEBUG_INFO = NO;
				MTL_FAST_MATH = YES;
				SDKROOT = iphoneos;
				SWIFT_COMPILATION_MODE = wholemodule;
				SWIFT_OPTIMIZATION_LEVEL = "-O";
				VALIDATE_PRODUCT = YES;
			};
			name = Release;
		};
		962FB10629CBA50D00FF7CD0 /* Debug */ = {
			isa = XCBuildConfiguration;
			buildSettings = {
				ASSETCATALOG_COMPILER_APPICON_NAME = AppIcon;
				ASSETCATALOG_COMPILER_GLOBAL_ACCENT_COLOR_NAME = AccentColor;
				CODE_SIGN_STYLE = Automatic;
				CURRENT_PROJECT_VERSION = 1;
				DEVELOPMENT_ASSET_PATHS = "\"SparringPal/Preview Content\"";
				ENABLE_PREVIEWS = YES;
				GENERATE_INFOPLIST_FILE = YES;
				INFOPLIST_KEY_NSLocationWhenInUseUsageDescription = "This app needs your location to show it on the map. ";
				INFOPLIST_KEY_UIApplicationSceneManifest_Generation = YES;
				INFOPLIST_KEY_UIApplicationSupportsIndirectInputEvents = YES;
				INFOPLIST_KEY_UILaunchScreen_Generation = YES;
				INFOPLIST_KEY_UISupportedInterfaceOrientations_iPad = "UIInterfaceOrientationPortrait UIInterfaceOrientationPortraitUpsideDown UIInterfaceOrientationLandscapeLeft UIInterfaceOrientationLandscapeRight";
				INFOPLIST_KEY_UISupportedInterfaceOrientations_iPhone = "UIInterfaceOrientationPortrait UIInterfaceOrientationLandscapeLeft UIInterfaceOrientationLandscapeRight";
				LD_RUNPATH_SEARCH_PATHS = (
					"$(inherited)",
					"@executable_path/Frameworks",
				);
				MARKETING_VERSION = 1.0;
				PRODUCT_BUNDLE_IDENTIFIER = "Erick-Soto.SparringPal";
				PRODUCT_NAME = "$(TARGET_NAME)";
				SWIFT_EMIT_LOC_STRINGS = YES;
				SWIFT_VERSION = 5.0;
				TARGETED_DEVICE_FAMILY = "1,2";
			};
			name = Debug;
		};
		962FB10729CBA50D00FF7CD0 /* Release */ = {
			isa = XCBuildConfiguration;
			buildSettings = {
				ASSETCATALOG_COMPILER_APPICON_NAME = AppIcon;
				ASSETCATALOG_COMPILER_GLOBAL_ACCENT_COLOR_NAME = AccentColor;
				CODE_SIGN_STYLE = Automatic;
				CURRENT_PROJECT_VERSION = 1;
				DEVELOPMENT_ASSET_PATHS = "\"SparringPal/Preview Content\"";
				ENABLE_PREVIEWS = YES;
				GENERATE_INFOPLIST_FILE = YES;
				INFOPLIST_KEY_NSLocationWhenInUseUsageDescription = "This app needs your location to show it on the map. ";
				INFOPLIST_KEY_UIApplicationSceneManifest_Generation = YES;
				INFOPLIST_KEY_UIApplicationSupportsIndirectInputEvents = YES;
				INFOPLIST_KEY_UILaunchScreen_Generation = YES;
				INFOPLIST_KEY_UISupportedInterfaceOrientations_iPad = "UIInterfaceOrientationPortrait UIInterfaceOrientationPortraitUpsideDown UIInterfaceOrientationLandscapeLeft UIInterfaceOrientationLandscapeRight";
				INFOPLIST_KEY_UISupportedInterfaceOrientations_iPhone = "UIInterfaceOrientationPortrait UIInterfaceOrientationLandscapeLeft UIInterfaceOrientationLandscapeRight";
				LD_RUNPATH_SEARCH_PATHS = (
					"$(inherited)",
					"@executable_path/Frameworks",
				);
				MARKETING_VERSION = 1.0;
				PRODUCT_BUNDLE_IDENTIFIER = "Erick-Soto.SparringPal";
				PRODUCT_NAME = "$(TARGET_NAME)";
				SWIFT_EMIT_LOC_STRINGS = YES;
				SWIFT_VERSION = 5.0;
				TARGETED_DEVICE_FAMILY = "1,2";
			};
			name = Release;
		};
/* End XCBuildConfiguration section */

/* Begin XCConfigurationList section */
		962FB0F229CBA50C00FF7CD0 /* Build configuration list for PBXProject "SparringPal" */ = {
			isa = XCConfigurationList;
			buildConfigurations = (
				962FB10329CBA50D00FF7CD0 /* Debug */,
				962FB10429CBA50D00FF7CD0 /* Release */,
			);
			defaultConfigurationIsVisible = 0;
			defaultConfigurationName = Release;
		};
		962FB10529CBA50D00FF7CD0 /* Build configuration list for PBXNativeTarget "SparringPal" */ = {
			isa = XCConfigurationList;
			buildConfigurations = (
				962FB10629CBA50D00FF7CD0 /* Debug */,
				962FB10729CBA50D00FF7CD0 /* Release */,
			);
			defaultConfigurationIsVisible = 0;
			defaultConfigurationName = Release;
		};
/* End XCConfigurationList section */

/* Begin XCRemoteSwiftPackageReference section */
		9699110329E6791000A91B1B /* XCRemoteSwiftPackageReference "firebase-ios-sdk" */ = {
			isa = XCRemoteSwiftPackageReference;
			repositoryURL = "https://github.com/firebase/firebase-ios-sdk";
			requirement = {
				kind = upToNextMajorVersion;
				minimumVersion = 9.0.0;
			};
		};
/* End XCRemoteSwiftPackageReference section */

/* Begin XCSwiftPackageProductDependency section */
		9699110429E6791000A91B1B /* FirebaseFirestore */ = {
			isa = XCSwiftPackageProductDependency;
			package = 9699110329E6791000A91B1B /* XCRemoteSwiftPackageReference "firebase-ios-sdk" */;
			productName = FirebaseFirestore;
		};
		9699110729E680B000A91B1B /* FirebaseStorage */ = {
			isa = XCSwiftPackageProductDependency;
			package = 9699110329E6791000A91B1B /* XCRemoteSwiftPackageReference "firebase-ios-sdk" */;
			productName = FirebaseStorage;
		};
		969D595929F4559C00A0F7B5 /* FirebaseFirestoreSwift */ = {
			isa = XCSwiftPackageProductDependency;
			package = 9699110329E6791000A91B1B /* XCRemoteSwiftPackageReference "firebase-ios-sdk" */;
			productName = FirebaseFirestoreSwift;
		};
		969D595F29F4F2A300A0F7B5 /* FirebaseAuth */ = {
			isa = XCSwiftPackageProductDependency;
			package = 9699110329E6791000A91B1B /* XCRemoteSwiftPackageReference "firebase-ios-sdk" */;
			productName = FirebaseAuth;
		};
/* End XCSwiftPackageProductDependency section */
	};
	rootObject = 962FB0EF29CBA50C00FF7CD0 /* Project object */;
}
